
Microsoft Visual Studio Solution File, Format Version 12.00
# Visual Studio Version 16
VisualStudioVersion = 16.0.29230.47
MinimumVisualStudioVersion = 10.0.40219.1
Project("{FAE04EC0-301F-11D3-BF4B-00C04F79EFBC}") = "LibraryMamagementSystem", "LibraryMamagementSystem\LibraryMamagementSystem.csproj", "{7ADBC68B-6496-46EC-B967-42B3C7A88D78}"
EndProject
Global
	GlobalSection(SolutionConfigurationPlatforms) = preSolution
		Debug|Any CPU = Debug|Any CPU
		Release|Any CPU = Release|Any CPU
	EndGlobalSection
	GlobalSection(ProjectConfigurationPlatforms) = postSolution
		{7ADBC68B-6496-46EC-B967-42B3C7A88D78}.Debug|Any CPU.ActiveCfg = Debug|Any CPU
		{7ADBC68B-6496-46EC-B967-42B3C7A88D78}.Debug|Any CPU.Build.0 = Debug|Any CPU
		{7ADBC68B-6496-46EC-B967-42B3C7A88D78}.Release|Any CPU.ActiveCfg = Release|Any CPU
		{7ADBC68B-6496-46EC-B967-42B3C7A88D78}.Release|Any CPU.Build.0 = Release|Any CPU
	EndGlobalSection
	GlobalSection(SolutionProperties) = preSolution
		HideSolutionNode = FALSE
	EndGlobalSection
	GlobalSection(ExtensibilityGlobals) = postSolution
		SolutionGuid = {4B2CB0E3-5DFA-46BD-BA0B-58ECD7D271DF}
	EndGlobalSection
EndGlobal
